Microsoft Visual Studio Solution File, Format Version 12.00
# Visual Studio 15
VisualStudioVersion = 15.0.27004.2009
MinimumVisualStudioVersion = 10.0.40219.1
Project("{8BC9CEB8-8B4A-11D0-8D11-00A0C91BC942}") = "Game", "Game.vcxproj", "{06EDC280-1187-4614-A248-E640C095FA6B}"
	ProjectSection(ProjectDependencies) = postProject
		{9E48DCB9-B936-4C81-BB4C-F3EAA794A8E8} = {9E48DCB9-B936-4C81-BB4C-F3EAA794A8E8}
	EndProjectSection
EndProject
Project("{8BC9CEB8-8B4A-11D0-8D11-00A0C91BC942}") = "tkEngine", "..\tkEngine\tkEngine.vcxproj", "{9E48DCB9-B936-4C81-BB4C-F3EAA794A8E8}"
EndProject
Project("{2150E333-8FDC-42A3-9474-1A3956D46DE8}") = "exlib", "exlib", "{D716790C-2705-4A58-9730-194B07A08649}"
EndProject
Global
	GlobalSection(SolutionConfigurationPlatforms) = preSolution
		Preview|Win32 = Preview|Win32
	EndGlobalSection
	GlobalSection(ProjectConfigurationPlatforms) = postSolution
		{06EDC280-1187-4614-A248-E640C095FA6B}.Preview|Win32.ActiveCfg = Preview|Win32
		{06EDC280-1187-4614-A248-E640C095FA6B}.Preview|Win32.Build.0 = Preview|Win32
		{9E48DCB9-B936-4C81-BB4C-F3EAA794A8E8}.Preview|Win32.ActiveCfg = Preview|Win32
		{9E48DCB9-B936-4C81-BB4C-F3EAA794A8E8}.Preview|Win32.Build.0 = Preview|Win32
	EndGlobalSection
	GlobalSection(SolutionProperties) = preSolution
		HideSolutionNode = FALSE
	EndGlobalSection
	GlobalSection(NestedProjects) = preSolution
		{9E48DCB9-B936-4C81-BB4C-F3EAA794A8E8} = {D716790C-2705-4A58-9730-194B07A08649}
	EndGlobalSection
	GlobalSection(ExtensibilityGlobals) = postSolution
		SolutionGuid = {09844AF9-EE2D-4562-B863-045A6E0F3E41}
	EndGlobalSection
EndGlobal
